// !$*UTF8*$!
{
	archiveVersion = 1;
	classes = {
	};
	objectVersion = 56;
	objects = {

/* Begin PBXBuildFile section */
		6783B0B32D60B0E300E5AEC1 /* DateOfBirthViewController.swift in Sources */ = {isa = PBXBuildFile; fileRef = 6783B0B12D60B0E300E5AEC1 /* DateOfBirthViewController.swift */; };
		6783B0B42D60B0E300E5AEC1 /* DateOfBirthViewController.xib in Resources */ = {isa = PBXBuildFile; fileRef = 6783B0B22D60B0E300E5AEC1 /* DateOfBirthViewController.xib */; };
		6783B0B82D60BBD800E5AEC1 /* OTPVerificationViewController.swift in Sources */ = {isa = PBXBuildFile; fileRef = 6783B0B62D60BBD800E5AEC1 /* OTPVerificationViewController.swift */; };
		6783B0B92D60BBD800E5AEC1 /* OTPVerificationViewController.xib in Resources */ = {isa = PBXBuildFile; fileRef = 6783B0B72D60BBD800E5AEC1 /* OTPVerificationViewController.xib */; };
		67B719D32D61FEA700D79804 /* SignInViewController.swift in Sources */ = {isa = PBXBuildFile; fileRef = 67B719D12D61FEA700D79804 /* SignInViewController.swift */; };
		67B719D42D61FEA700D79804 /* SignInViewController.xib in Resources */ = {isa = PBXBuildFile; fileRef = 67B719D22D61FEA700D79804 /* SignInViewController.xib */; };
		67B719D92D620F8C00D79804 /* SignInWithEmailAndPhone.swift in Sources */ = {isa = PBXBuildFile; fileRef = 67B719D72D620F8C00D79804 /* SignInWithEmailAndPhone.swift */; };
		67B719DA2D620F8C00D79804 /* SignInWithEmailAndPhone.xib in Resources */ = {isa = PBXBuildFile; fileRef = 67B719D82D620F8C00D79804 /* SignInWithEmailAndPhone.xib */; };
		67B719DE2D62120900D79804 /* SignInCollectionViewCell.swift in Sources */ = {isa = PBXBuildFile; fileRef = 67B719DC2D62120900D79804 /* SignInCollectionViewCell.swift */; };
		67B719DF2D62120900D79804 /* SignInCollectionViewCell.xib in Resources */ = {isa = PBXBuildFile; fileRef = 67B719DD2D62120900D79804 /* SignInCollectionViewCell.xib */; };
		67CBEAC62D60F0FF00FBCED7 /* CreatePasswordViewController.swift in Sources */ = {isa = PBXBuildFile; fileRef = 67CBEAC42D60F0FF00FBCED7 /* CreatePasswordViewController.swift */; };
		67CBEAC72D60F0FF00FBCED7 /* CreatePasswordViewController.xib in Resources */ = {isa = PBXBuildFile; fileRef = 67CBEAC52D60F0FF00FBCED7 /* CreatePasswordViewController.xib */; };
		67CBEACB2D60F6D500FBCED7 /* CreateUserNameViewController.swift in Sources */ = {isa = PBXBuildFile; fileRef = 67CBEAC92D60F6D500FBCED7 /* CreateUserNameViewController.swift */; };
		67CBEACC2D60F6D500FBCED7 /* CreateUserNameViewController.xib in Resources */ = {isa = PBXBuildFile; fileRef = 67CBEACA2D60F6D500FBCED7 /* CreateUserNameViewController.xib */; };
		67EAECB02D5E23E500C4F1DF /* AppDelegate.swift in Sources */ = {isa = PBXBuildFile; fileRef = 67EAECAF2D5E23E500C4F1DF /* AppDelegate.swift */; };
		67EAECB22D5E23E500C4F1DF /* SceneDelegate.swift in Sources */ = {isa = PBXBuildFile; fileRef = 67EAECB12D5E23E500C4F1DF /* SceneDelegate.swift */; };
		67EAECB72D5E23E500C4F1DF /* Main.storyboard in Resources */ = {isa = PBXBuildFile; fileRef = 67EAECB52D5E23E500C4F1DF /* Main.storyboard */; };
		67EAECB92D5E23E600C4F1DF /* Assets.xcassets in Resources */ = {isa = PBXBuildFile; fileRef = 67EAECB82D5E23E600C4F1DF /* Assets.xcassets */; };
		67EAECBC2D5E23E600C4F1DF /* LaunchScreen.storyboard in Resources */ = {isa = PBXBuildFile; fileRef = 67EAECBA2D5E23E600C4F1DF /* LaunchScreen.storyboard */; };
		67EAECCF2D5E24AE00C4F1DF /* SF-Pro-Display-Thin.otf in Resources */ = {isa = PBXBuildFile; fileRef = 67EAECC62D5E24AE00C4F1DF /* SF-Pro-Display-Thin.otf */; };
		67EAECD02D5E24AE00C4F1DF /* SF-Pro-Display-Light.otf in Resources */ = {isa = PBXBuildFile; fileRef = 67EAECC72D5E24AE00C4F1DF /* SF-Pro-Display-Light.otf */; };
		67EAECD12D5E24AE00C4F1DF /* SF-Pro-Display-Regular.otf in Resources */ = {isa = PBXBuildFile; fileRef = 67EAECC82D5E24AE00C4F1DF /* SF-Pro-Display-Regular.otf */; };
		67EAECD22D5E24AE00C4F1DF /* SF-Pro-Display-Bold.otf in Resources */ = {isa = PBXBuildFile; fileRef = 67EAECC92D5E24AE00C4F1DF /* SF-Pro-Display-Bold.otf */; };
		67EAECD32D5E24AE00C4F1DF /* SF-Pro-Display-Medium.otf in Resources */ = {isa = PBXBuildFile; fileRef = 67EAECCA2D5E24AE00C4F1DF /* SF-Pro-Display-Medium.otf */; };
		67EAECD42D5E24AE00C4F1DF /* SF-Pro-Display-Heavy.otf in Resources */ = {isa = PBXBuildFile; fileRef = 67EAECCB2D5E24AE00C4F1DF /* SF-Pro-Display-Heavy.otf */; };
		67EAECD52D5E24AE00C4F1DF /* SF-Pro-Display-Semibold.otf in Resources */ = {isa = PBXBuildFile; fileRef = 67EAECCC2D5E24AE00C4F1DF /* SF-Pro-Display-Semibold.otf */; };
		67EAECD62D5E24AE00C4F1DF /* SF-Pro-Display-Ultralight.otf in Resources */ = {isa = PBXBuildFile; fileRef = 67EAECCD2D5E24AE00C4F1DF /* SF-Pro-Display-Ultralight.otf */; };
		67EAECD72D5E24AE00C4F1DF /* SF-Pro-Display-Black.otf in Resources */ = {isa = PBXBuildFile; fileRef = 67EAECCE2D5E24AE00C4F1DF /* SF-Pro-Display-Black.otf */; };
		67EAECDE2D5E62B200C4F1DF /* Onboriding1ViewController.swift in Sources */ = {isa = PBXBuildFile; fileRef = 67EAECDC2D5E62B200C4F1DF /* Onboriding1ViewController.swift */; };
		67EAECDF2D5E62B200C4F1DF /* Onboriding1ViewController.xib in Resources */ = {isa = PBXBuildFile; fileRef = 67EAECDD2D5E62B200C4F1DF /* Onboriding1ViewController.xib */; };
		67FEE9C92D5F0BD7004DEAA5 /* Onbording3ViewController.swift in Sources */ = {isa = PBXBuildFile; fileRef = 67FEE9C72D5F0BD7004DEAA5 /* Onbording3ViewController.swift */; };
		67FEE9CA2D5F0BD7004DEAA5 /* Onbording3ViewController.xib in Resources */ = {isa = PBXBuildFile; fileRef = 67FEE9C82D5F0BD7004DEAA5 /* Onbording3ViewController.xib */; };
		67FEE9CE2D5F1639004DEAA5 /* Onbording2ViewController.swift in Sources */ = {isa = PBXBuildFile; fileRef = 67FEE9CC2D5F1639004DEAA5 /* Onbording2ViewController.swift */; };
		67FEE9CF2D5F1639004DEAA5 /* Onbording2ViewController.xib in Resources */ = {isa = PBXBuildFile; fileRef = 67FEE9CD2D5F1639004DEAA5 /* Onbording2ViewController.xib */; };
		67FEE9D32D5F26E4004DEAA5 /* InterestTblViewCell.swift in Sources */ = {isa = PBXBuildFile; fileRef = 67FEE9D12D5F26E4004DEAA5 /* InterestTblViewCell.swift */; };
		67FEE9D42D5F26E4004DEAA5 /* InterestTblViewCell.xib in Resources */ = {isa = PBXBuildFile; fileRef = 67FEE9D22D5F26E4004DEAA5 /* InterestTblViewCell.xib */; };
		67FEE9D82D5F2852004DEAA5 /* InterestCollectionViewCell.swift in Sources */ = {isa = PBXBuildFile; fileRef = 67FEE9D62D5F2852004DEAA5 /* InterestCollectionViewCell.swift */; };
		67FEE9D92D5F2852004DEAA5 /* InterestCollectionViewCell.xib in Resources */ = {isa = PBXBuildFile; fileRef = 67FEE9D72D5F2852004DEAA5 /* InterestCollectionViewCell.xib */; };
		67FEE9DC2D5F2EA5004DEAA5 /* Extension.swift in Sources */ = {isa = PBXBuildFile; fileRef = 67FEE9DB2D5F2EA5004DEAA5 /* Extension.swift */; };
		67FEE9E02D5F31D7004DEAA5 /* Onbording4ViewController.swift in Sources */ = {isa = PBXBuildFile; fileRef = 67FEE9DE2D5F31D7004DEAA5 /* Onbording4ViewController.swift */; };
		67FEE9E12D5F31D7004DEAA5 /* Onbording4ViewController.xib in Resources */ = {isa = PBXBuildFile; fileRef = 67FEE9DF2D5F31D7004DEAA5 /* Onbording4ViewController.xib */; };
		67FEE9E62D5F5A90004DEAA5 /* SignUpViewController.swift in Sources */ = {isa = PBXBuildFile; fileRef = 67FEE9E42D5F5A90004DEAA5 /* SignUpViewController.swift */; };
		67FEE9E72D5F5A90004DEAA5 /* SignUpViewController.xib in Resources */ = {isa = PBXBuildFile; fileRef = 67FEE9E52D5F5A90004DEAA5 /* SignUpViewController.xib */; };
		FCED6DFF535C94E4CC0EE542 /* Pods_LoopLyfe.framework in Frameworks */ = {isa = PBXBuildFile; fileRef = CF01BCA7158C458FCE8DFBBD /* Pods_LoopLyfe.framework */; };
/* End PBXBuildFile section */

/* Begin PBXFileReference section */
		65C81F822CEFF7CDCC0B6557 /* Pods-LoopLyfe.release.xcconfig */ = {isa = PBXFileReference; includeInIndex = 1; lastKnownFileType = text.xcconfig; name = "Pods-LoopLyfe.release.xcconfig"; path = "Target Support Files/Pods-LoopLyfe/Pods-LoopLyfe.release.xcconfig"; sourceTree = "<group>"; };
		6783B0B12D60B0E300E5AEC1 /* DateOfBirthViewController.swift */ = {isa = PBXFileReference; lastKnownFileType = sourcecode.swift; path = DateOfBirthViewController.swift; sourceTree = "<group>"; };
		6783B0B22D60B0E300E5AEC1 /* DateOfBirthViewController.xib */ = {isa = PBXFileReference; lastKnownFileType = file.xib; path = DateOfBirthViewController.xib; sourceTree = "<group>"; };
		6783B0B62D60BBD800E5AEC1 /* OTPVerificationViewController.swift */ = {isa = PBXFileReference; lastKnownFileType = sourcecode.swift; path = OTPVerificationViewController.swift; sourceTree = "<group>"; };
		6783B0B72D60BBD800E5AEC1 /* OTPVerificationViewController.xib */ = {isa = PBXFileReference; lastKnownFileType = file.xib; path = OTPVerificationViewController.xib; sourceTree = "<group>"; };
		67B719D12D61FEA700D79804 /* SignInViewController.swift */ = {isa = PBXFileReference; lastKnownFileType = sourcecode.swift; path = SignInViewController.swift; sourceTree = "<group>"; };
		67B719D22D61FEA700D79804 /* SignInViewController.xib */ = {isa = PBXFileReference; lastKnownFileType = file.xib; path = SignInViewController.xib; sourceTree = "<group>"; };
		67B719D72D620F8C00D79804 /* SignInWithEmailAndPhone.swift */ = {isa = PBXFileReference; lastKnownFileType = sourcecode.swift; path = SignInWithEmailAndPhone.swift; sourceTree = "<group>"; };
		67B719D82D620F8C00D79804 /* SignInWithEmailAndPhone.xib */ = {isa = PBXFileReference; lastKnownFileType = file.xib; path = SignInWithEmailAndPhone.xib; sourceTree = "<group>"; };
		67B719DC2D62120900D79804 /* SignInCollectionViewCell.swift */ = {isa = PBXFileReference; lastKnownFileType = sourcecode.swift; path = SignInCollectionViewCell.swift; sourceTree = "<group>"; };
		67B719DD2D62120900D79804 /* SignInCollectionViewCell.xib */ = {isa = PBXFileReference; lastKnownFileType = file.xib; path = SignInCollectionViewCell.xib; sourceTree = "<group>"; };
		67CBEAC42D60F0FF00FBCED7 /* CreatePasswordViewController.swift */ = {isa = PBXFileReference; lastKnownFileType = sourcecode.swift; path = CreatePasswordViewController.swift; sourceTree = "<group>"; };
		67CBEAC52D60F0FF00FBCED7 /* CreatePasswordViewController.xib */ = {isa = PBXFileReference; lastKnownFileType = file.xib; path = CreatePasswordViewController.xib; sourceTree = "<group>"; };
		67CBEAC92D60F6D500FBCED7 /* CreateUserNameViewController.swift */ = {isa = PBXFileReference; lastKnownFileType = sourcecode.swift; path = CreateUserNameViewController.swift; sourceTree = "<group>"; };
		67CBEACA2D60F6D500FBCED7 /* CreateUserNameViewController.xib */ = {isa = PBXFileReference; lastKnownFileType = file.xib; path = CreateUserNameViewController.xib; sourceTree = "<group>"; };
		67EAECAC2D5E23E500C4F1DF /* LoopLyfe.app */ = {isa = PBXFileReference; explicitFileType = wrapper.application; includeInIndex = 0; path = LoopLyfe.app; sourceTree = BUILT_PRODUCTS_DIR; };
		67EAECAF2D5E23E500C4F1DF /* AppDelegate.swift */ = {isa = PBXFileReference; lastKnownFileType = sourcecode.swift; path = AppDelegate.swift; sourceTree = "<group>"; };
		67EAECB12D5E23E500C4F1DF /* SceneDelegate.swift */ = {isa = PBXFileReference; lastKnownFileType = sourcecode.swift; path = SceneDelegate.swift; sourceTree = "<group>"; };
		67EAECB62D5E23E500C4F1DF /* Base */ = {isa = PBXFileReference; lastKnownFileType = file.storyboard; name = Base; path = Base.lproj/Main.storyboard; sourceTree = "<group>"; };
		67EAECB82D5E23E600C4F1DF /* Assets.xcassets */ = {isa = PBXFileReference; lastKnownFileType = folder.assetcatalog; path = Assets.xcassets; sourceTree = "<group>"; };
		67EAECBB2D5E23E600C4F1DF /* Base */ = {isa = PBXFileReference; lastKnownFileType = file.storyboard; name = Base; path = Base.lproj/LaunchScreen.storyboard; sourceTree = "<group>"; };
		67EAECBD2D5E23E600C4F1DF /* Info.plist */ = {isa = PBXFileReference; lastKnownFileType = text.plist.xml; path = Info.plist; sourceTree = "<group>"; };
		67EAECC62D5E24AE00C4F1DF /* SF-Pro-Display-Thin.otf */ = {isa = PBXFileReference; lastKnownFileType = file; path = "SF-Pro-Display-Thin.otf"; sourceTree = "<group>"; };
		67EAECC72D5E24AE00C4F1DF /* SF-Pro-Display-Light.otf */ = {isa = PBXFileReference; lastKnownFileType = file; path = "SF-Pro-Display-Light.otf"; sourceTree = "<group>"; };
		67EAECC82D5E24AE00C4F1DF /* SF-Pro-Display-Regular.otf */ = {isa = PBXFileReference; lastKnownFileType = file; path = "SF-Pro-Display-Regular.otf"; sourceTree = "<group>"; };
		67EAECC92D5E24AE00C4F1DF /* SF-Pro-Display-Bold.otf */ = {isa = PBXFileReference; lastKnownFileType = file; path = "SF-Pro-Display-Bold.otf"; sourceTree = "<group>"; };
		67EAECCA2D5E24AE00C4F1DF /* SF-Pro-Display-Medium.otf */ = {isa = PBXFileReference; lastKnownFileType = file; path = "SF-Pro-Display-Medium.otf"; sourceTree = "<group>"; };
		67EAECCB2D5E24AE00C4F1DF /* SF-Pro-Display-Heavy.otf */ = {isa = PBXFileReference; lastKnownFileType = file; path = "SF-Pro-Display-Heavy.otf"; sourceTree = "<group>"; };
		67EAECCC2D5E24AE00C4F1DF /* SF-Pro-Display-Semibold.otf */ = {isa = PBXFileReference; lastKnownFileType = file; path = "SF-Pro-Display-Semibold.otf"; sourceTree = "<group>"; };
		67EAECCD2D5E24AE00C4F1DF /* SF-Pro-Display-Ultralight.otf */ = {isa = PBXFileReference; lastKnownFileType = file; path = "SF-Pro-Display-Ultralight.otf"; sourceTree = "<group>"; };
		67EAECCE2D5E24AE00C4F1DF /* SF-Pro-Display-Black.otf */ = {isa = PBXFileReference; lastKnownFileType = file; path = "SF-Pro-Display-Black.otf"; sourceTree = "<group>"; };
		67EAECD92D5E263200C4F1DF /* LoopLyfe.entitlements */ = {isa = PBXFileReference; lastKnownFileType = text.plist.entitlements; path = LoopLyfe.entitlements; sourceTree = "<group>"; };
		67EAECDC2D5E62B200C4F1DF /* Onboriding1ViewController.swift */ = {isa = PBXFileReference; lastKnownFileType = sourcecode.swift; path = Onboriding1ViewController.swift; sourceTree = "<group>"; };
		67EAECDD2D5E62B200C4F1DF /* Onboriding1ViewController.xib */ = {isa = PBXFileReference; lastKnownFileType = file.xib; path = Onboriding1ViewController.xib; sourceTree = "<group>"; };
		67FEE9C72D5F0BD7004DEAA5 /* Onbording3ViewController.swift */ = {isa = PBXFileReference; lastKnownFileType = sourcecode.swift; path = Onbording3ViewController.swift; sourceTree = "<group>"; };
		67FEE9C82D5F0BD7004DEAA5 /* Onbording3ViewController.xib */ = {isa = PBXFileReference; lastKnownFileType = file.xib; path = Onbording3ViewController.xib; sourceTree = "<group>"; };
		67FEE9CC2D5F1639004DEAA5 /* Onbording2ViewController.swift */ = {isa = PBXFileReference; lastKnownFileType = sourcecode.swift; path = Onbording2ViewController.swift; sourceTree = "<group>"; };
		67FEE9CD2D5F1639004DEAA5 /* Onbording2ViewController.xib */ = {isa = PBXFileReference; lastKnownFileType = file.xib; path = Onbording2ViewController.xib; sourceTree = "<group>"; };
		67FEE9D12D5F26E4004DEAA5 /* InterestTblViewCell.swift */ = {isa = PBXFileReference; lastKnownFileType = sourcecode.swift; path = InterestTblViewCell.swift; sourceTree = "<group>"; };
		67FEE9D22D5F26E4004DEAA5 /* InterestTblViewCell.xib */ = {isa = PBXFileReference; lastKnownFileType = file.xib; path = InterestTblViewCell.xib; sourceTree = "<group>"; };
		67FEE9D62D5F2852004DEAA5 /* InterestCollectionViewCell.swift */ = {isa = PBXFileReference; lastKnownFileType = sourcecode.swift; path = InterestCollectionViewCell.swift; sourceTree = "<group>"; };
		67FEE9D72D5F2852004DEAA5 /* InterestCollectionViewCell.xib */ = {isa = PBXFileReference; lastKnownFileType = file.xib; path = InterestCollectionViewCell.xib; sourceTree = "<group>"; };
		67FEE9DB2D5F2EA5004DEAA5 /* Extension.swift */ = {isa = PBXFileReference; lastKnownFileType = sourcecode.swift; path = Extension.swift; sourceTree = "<group>"; };
		67FEE9DE2D5F31D7004DEAA5 /* Onbording4ViewController.swift */ = {isa = PBXFileReference; lastKnownFileType = sourcecode.swift; path = Onbording4ViewController.swift; sourceTree = "<group>"; };
		67FEE9DF2D5F31D7004DEAA5 /* Onbording4ViewController.xib */ = {isa = PBXFileReference; lastKnownFileType = file.xib; path = Onbording4ViewController.xib; sourceTree = "<group>"; };
		67FEE9E42D5F5A90004DEAA5 /* SignUpViewController.swift */ = {isa = PBXFileReference; lastKnownFileType = sourcecode.swift; path = SignUpViewController.swift; sourceTree = "<group>"; };
		67FEE9E52D5F5A90004DEAA5 /* SignUpViewController.xib */ = {isa = PBXFileReference; lastKnownFileType = file.xib; path = SignUpViewController.xib; sourceTree = "<group>"; };
		A9CE4C00F8DF4DF9D4298D33 /* Pods-LoopLyfe.debug.xcconfig */ = {isa = PBXFileReference; includeInIndex = 1; lastKnownFileType = text.xcconfig; name = "Pods-LoopLyfe.debug.xcconfig"; path = "Target Support Files/Pods-LoopLyfe/Pods-LoopLyfe.debug.xcconfig"; sourceTree = "<group>"; };
		CF01BCA7158C458FCE8DFBBD /* Pods_LoopLyfe.framework */ = {isa = PBXFileReference; explicitFileType = wrapper.framework; includeInIndex = 0; path = Pods_LoopLyfe.framework; sourceTree = BUILT_PRODUCTS_DIR; };
/* End PBXFileReference section */

/* Begin PBXFrameworksBuildPhase section */
		67EAECA92D5E23E500C4F1DF /* Frameworks */ = {
			isa = PBXFrameworksBuildPhase;
			buildActionMask = 2147483647;
			files = (
				FCED6DFF535C94E4CC0EE542 /* Pods_LoopLyfe.framework in Frameworks */,
			);
			runOnlyForDeploymentPostprocessing = 0;
		};
/* End PBXFrameworksBuildPhase section */

/* Begin PBXGroup section */
		6783B0B02D60B0C500E5AEC1 /* DateOfBirthViewController */ = {
			isa = PBXGroup;
			children = (
				6783B0B12D60B0E300E5AEC1 /* DateOfBirthViewController.swift */,
				6783B0B22D60B0E300E5AEC1 /* DateOfBirthViewController.xib */,
			);
			path = DateOfBirthViewController;
			sourceTree = "<group>";
		};
		6783B0B52D60BBBD00E5AEC1 /* OTPVerificationViewController */ = {
			isa = PBXGroup;
			children = (
				6783B0B62D60BBD800E5AEC1 /* OTPVerificationViewController.swift */,
				6783B0B72D60BBD800E5AEC1 /* OTPVerificationViewController.xib */,
			);
			path = OTPVerificationViewController;
			sourceTree = "<group>";
		};
		67B719D02D61FE9100D79804 /* SignInViewController */ = {
			isa = PBXGroup;
			children = (
				67B719D12D61FEA700D79804 /* SignInViewController.swift */,
				67B719D22D61FEA700D79804 /* SignInViewController.xib */,
			);
			path = SignInViewController;
			sourceTree = "<group>";
		};
		67B719D62D620F6D00D79804 /* SignInWithEmailAndPhone */ = {
			isa = PBXGroup;
			children = (
				67B719DB2D6211EC00D79804 /* SignInCollectionViewCell */,
				67B719D72D620F8C00D79804 /* SignInWithEmailAndPhone.swift */,
				67B719D82D620F8C00D79804 /* SignInWithEmailAndPhone.xib */,
			);
			path = SignInWithEmailAndPhone;
			sourceTree = "<group>";
		};
		67B719DB2D6211EC00D79804 /* SignInCollectionViewCell */ = {
			isa = PBXGroup;
			children = (
				67B719DC2D62120900D79804 /* SignInCollectionViewCell.swift */,
				67B719DD2D62120900D79804 /* SignInCollectionViewCell.xib */,
			);
			path = SignInCollectionViewCell;
			sourceTree = "<group>";
		};
		67CBEAC32D60F0E500FBCED7 /* CreatePasswordViewController */ = {
			isa = PBXGroup;
			children = (
				67CBEAC42D60F0FF00FBCED7 /* CreatePasswordViewController.swift */,
				67CBEAC52D60F0FF00FBCED7 /* CreatePasswordViewController.xib */,
			);
			path = CreatePasswordViewController;
			sourceTree = "<group>";
		};
		67CBEAC82D60F6BF00FBCED7 /* CreateUserNameViewController */ = {
			isa = PBXGroup;
			children = (
				67CBEAC92D60F6D500FBCED7 /* CreateUserNameViewController.swift */,
				67CBEACA2D60F6D500FBCED7 /* CreateUserNameViewController.xib */,
			);
			path = CreateUserNameViewController;
			sourceTree = "<group>";
		};
		67EAECA32D5E23E500C4F1DF = {
			isa = PBXGroup;
			children = (
				67EAECAE2D5E23E500C4F1DF /* LoopLyfe */,
				67EAECAD2D5E23E500C4F1DF /* Products */,
				C5AB83C524ED3AF5841A77CB /* Pods */,
				94B977BEE6D455187AA487E6 /* Frameworks */,
			);
			sourceTree = "<group>";
		};
		67EAECAD2D5E23E500C4F1DF /* Products */ = {
			isa = PBXGroup;
			children = (
				67EAECAC2D5E23E500C4F1DF /* LoopLyfe.app */,
			);
			name = Products;
			sourceTree = "<group>";
		};
		67EAECAE2D5E23E500C4F1DF /* LoopLyfe */ = {
			isa = PBXGroup;
			children = (
				67EAECD92D5E263200C4F1DF /* LoopLyfe.entitlements */,
				67EAECD82D5E24C100C4F1DF /* ViewController */,
				67EAECC42D5E243900C4F1DF /* HelpingClass */,
				67EAECC32D5E242700C4F1DF /* Delegates */,
				67EAECB52D5E23E500C4F1DF /* Main.storyboard */,
				67EAECB82D5E23E600C4F1DF /* Assets.xcassets */,
				67EAECBA2D5E23E600C4F1DF /* LaunchScreen.storyboard */,
				67EAECBD2D5E23E600C4F1DF /* Info.plist */,
			);
			path = LoopLyfe;
			sourceTree = "<group>";
		};
		67EAECC32D5E242700C4F1DF /* Delegates */ = {
			isa = PBXGroup;
			children = (
				67EAECB12D5E23E500C4F1DF /* SceneDelegate.swift */,
				67EAECAF2D5E23E500C4F1DF /* AppDelegate.swift */,
			);
			path = Delegates;
			sourceTree = "<group>";
		};
		67EAECC42D5E243900C4F1DF /* HelpingClass */ = {
			isa = PBXGroup;
			children = (
				67FEE9DA2D5F2E95004DEAA5 /* Extension */,
				67EAECC52D5E24AE00C4F1DF /* Fonts */,
			);
			path = HelpingClass;
			sourceTree = "<group>";
		};
		67EAECC52D5E24AE00C4F1DF /* Fonts */ = {
			isa = PBXGroup;
			children = (
				67EAECC62D5E24AE00C4F1DF /* SF-Pro-Display-Thin.otf */,
				67EAECC72D5E24AE00C4F1DF /* SF-Pro-Display-Light.otf */,
				67EAECC82D5E24AE00C4F1DF /* SF-Pro-Display-Regular.otf */,
				67EAECC92D5E24AE00C4F1DF /* SF-Pro-Display-Bold.otf */,
				67EAECCA2D5E24AE00C4F1DF /* SF-Pro-Display-Medium.otf */,
				67EAECCB2D5E24AE00C4F1DF /* SF-Pro-Display-Heavy.otf */,
				67EAECCC2D5E24AE00C4F1DF /* SF-Pro-Display-Semibold.otf */,
				67EAECCD2D5E24AE00C4F1DF /* SF-Pro-Display-Ultralight.otf */,
				67EAECCE2D5E24AE00C4F1DF /* SF-Pro-Display-Black.otf */,
			);
			path = Fonts;
			sourceTree = "<group>";
		};
		67EAECD82D5E24C100C4F1DF /* ViewController */ = {
			isa = PBXGroup;
			children = (
				67EAECDA2D5E626700C4F1DF /* OnbordingViewController */,
				67FEE9E22D5F5A68004DEAA5 /* Auth */,
			);
			path = ViewController;
			sourceTree = "<group>";
		};
		67EAECDA2D5E626700C4F1DF /* OnbordingViewController */ = {
			isa = PBXGroup;
			children = (
				67FEE9DD2D5F31BC004DEAA5 /* Onbording4ViewController */,
				67EAECDB2D5E628D00C4F1DF /* Onboriding1ViewController */,
				67FEE9CB2D5F161F004DEAA5 /* Onbording2ViewController */,
				67FEE9C62D5F0BBA004DEAA5 /* Onbording3ViewController */,
			);
			path = OnbordingViewController;
			sourceTree = "<group>";
		};
		67EAECDB2D5E628D00C4F1DF /* Onboriding1ViewController */ = {
			isa = PBXGroup;
			children = (
				67EAECDC2D5E62B200C4F1DF /* Onboriding1ViewController.swift */,
				67EAECDD2D5E62B200C4F1DF /* Onboriding1ViewController.xib */,
			);
			path = Onboriding1ViewController;
			sourceTree = "<group>";
		};
		67FEE9C62D5F0BBA004DEAA5 /* Onbording3ViewController */ = {
			isa = PBXGroup;
			children = (
				67FEE9C72D5F0BD7004DEAA5 /* Onbording3ViewController.swift */,
				67FEE9C82D5F0BD7004DEAA5 /* Onbording3ViewController.xib */,
			);
			path = Onbording3ViewController;
			sourceTree = "<group>";
		};
		67FEE9CB2D5F161F004DEAA5 /* Onbording2ViewController */ = {
			isa = PBXGroup;
			children = (
				67FEE9D02D5F26CA004DEAA5 /* InterestTblViewCell */,
				67FEE9CC2D5F1639004DEAA5 /* Onbording2ViewController.swift */,
				67FEE9CD2D5F1639004DEAA5 /* Onbording2ViewController.xib */,
			);
			path = Onbording2ViewController;
			sourceTree = "<group>";
		};
		67FEE9D02D5F26CA004DEAA5 /* InterestTblViewCell */ = {
			isa = PBXGroup;
			children = (
				67FEE9D52D5F2836004DEAA5 /* InterestCollectionViewCell */,
				67FEE9D12D5F26E4004DEAA5 /* InterestTblViewCell.swift */,
				67FEE9D22D5F26E4004DEAA5 /* InterestTblViewCell.xib */,
			);
			path = InterestTblViewCell;
			sourceTree = "<group>";
		};
		67FEE9D52D5F2836004DEAA5 /* InterestCollectionViewCell */ = {
			isa = PBXGroup;
			children = (
				67FEE9D62D5F2852004DEAA5 /* InterestCollectionViewCell.swift */,
				67FEE9D72D5F2852004DEAA5 /* InterestCollectionViewCell.xib */,
			);
			path = InterestCollectionViewCell;
			sourceTree = "<group>";
		};
		67FEE9DA2D5F2E95004DEAA5 /* Extension */ = {
			isa = PBXGroup;
			children = (
				67FEE9DB2D5F2EA5004DEAA5 /* Extension.swift */,
			);
			path = Extension;
			sourceTree = "<group>";
		};
		67FEE9DD2D5F31BC004DEAA5 /* Onbording4ViewController */ = {
			isa = PBXGroup;
			children = (
				67FEE9DE2D5F31D7004DEAA5 /* Onbording4ViewController.swift */,
				67FEE9DF2D5F31D7004DEAA5 /* Onbording4ViewController.xib */,
			);
			path = Onbording4ViewController;
			sourceTree = "<group>";
		};
		67FEE9E22D5F5A68004DEAA5 /* Auth */ = {
			isa = PBXGroup;
			children = (
				67B719D62D620F6D00D79804 /* SignInWithEmailAndPhone */,
				67B719D02D61FE9100D79804 /* SignInViewController */,
				67CBEAC82D60F6BF00FBCED7 /* CreateUserNameViewController */,
				67CBEAC32D60F0E500FBCED7 /* CreatePasswordViewController */,
				6783B0B52D60BBBD00E5AEC1 /* OTPVerificationViewController */,
				6783B0B02D60B0C500E5AEC1 /* DateOfBirthViewController */,
				67FEE9E32D5F5A77004DEAA5 /* SignUpViewController */,
			);
			path = Auth;
			sourceTree = "<group>";
		};
		67FEE9E32D5F5A77004DEAA5 /* SignUpViewController */ = {
			isa = PBXGroup;
			children = (
				67FEE9E42D5F5A90004DEAA5 /* SignUpViewController.swift */,
				67FEE9E52D5F5A90004DEAA5 /* SignUpViewController.xib */,
			);
			path = SignUpViewController;
			sourceTree = "<group>";
		};
		94B977BEE6D455187AA487E6 /* Frameworks */ = {
			isa = PBXGroup;
			children = (
				CF01BCA7158C458FCE8DFBBD /* Pods_LoopLyfe.framework */,
			);
			name = Frameworks;
			sourceTree = "<group>";
		};
		C5AB83C524ED3AF5841A77CB /* Pods */ = {
			isa = PBXGroup;
			children = (
				A9CE4C00F8DF4DF9D4298D33 /* Pods-LoopLyfe.debug.xcconfig */,
				65C81F822CEFF7CDCC0B6557 /* Pods-LoopLyfe.release.xcconfig */,
			);
			path = Pods;
			sourceTree = "<group>";
		};
/* End PBXGroup section */

/* Begin PBXNativeTarget section */
		67EAECAB2D5E23E500C4F1DF /* LoopLyfe */ = {
			isa = PBXNativeTarget;
			buildConfigurationList = 67EAECC02D5E23E600C4F1DF /* Build configuration list for PBXNativeTarget "LoopLyfe" */;
			buildPhases = (
				7664FBC3EF968F03CAFBFB0A /* [CP] Check Pods Manifest.lock */,
				67EAECA82D5E23E500C4F1DF /* Sources */,
				67EAECA92D5E23E500C4F1DF /* Frameworks */,
				67EAECAA2D5E23E500C4F1DF /* Resources */,
				DA8FC82FC00C5F8D1570C0CF /* [CP] Embed Pods Frameworks */,
			);
			buildRules = (
			);
			dependencies = (
			);
			name = LoopLyfe;
			productName = LoopLyfe;
			productReference = 67EAECAC2D5E23E500C4F1DF /* LoopLyfe.app */;
			productType = "com.apple.product-type.application";
		};
/* End PBXNativeTarget section */

/* Begin PBXProject section */
		67EAECA42D5E23E500C4F1DF /* Project object */ = {
			isa = PBXProject;
			attributes = {
				BuildIndependentTargetsInParallel = 1;
				LastSwiftUpdateCheck = 1520;
				LastUpgradeCheck = 1520;
				TargetAttributes = {
					67EAECAB2D5E23E500C4F1DF = {
						CreatedOnToolsVersion = 15.2;
					};
				};
			};
			buildConfigurationList = 67EAECA72D5E23E500C4F1DF /* Build configuration list for PBXProject "LoopLyfe" */;
			compatibilityVersion = "Xcode 14.0";
			developmentRegion = en;
			hasScannedForEncodings = 0;
			knownRegions = (
				en,
				Base,
			);
			mainGroup = 67EAECA32D5E23E500C4F1DF;
			productRefGroup = 67EAECAD2D5E23E500C4F1DF /* Products */;
			projectDirPath = "";
			projectRoot = "";
			targets = (
				67EAECAB2D5E23E500C4F1DF /* LoopLyfe */,
			);
		};
/* End PBXProject section */

/* Begin PBXResourcesBuildPhase section */
		67EAECAA2D5E23E500C4F1DF /* Resources */ = {
			isa = PBXResourcesBuildPhase;
			buildActionMask = 2147483647;
			files = (
				67B719DF2D62120900D79804 /* SignInCollectionViewCell.xib in Resources */,
				67EAECD32D5E24AE00C4F1DF /* SF-Pro-Display-Medium.otf in Resources */,
				67EAECCF2D5E24AE00C4F1DF /* SF-Pro-Display-Thin.otf in Resources */,
				67EAECD52D5E24AE00C4F1DF /* SF-Pro-Display-Semibold.otf in Resources */,
				67FEE9D42D5F26E4004DEAA5 /* InterestTblViewCell.xib in Resources */,
				67CBEAC72D60F0FF00FBCED7 /* CreatePasswordViewController.xib in Resources */,
				67FEE9E12D5F31D7004DEAA5 /* Onbording4ViewController.xib in Resources */,
				6783B0B42D60B0E300E5AEC1 /* DateOfBirthViewController.xib in Resources */,
				67EAECD02D5E24AE00C4F1DF /* SF-Pro-Display-Light.otf in Resources */,
				67EAECBC2D5E23E600C4F1DF /* LaunchScreen.storyboard in Resources */,
				67EAECB92D5E23E600C4F1DF /* Assets.xcassets in Resources */,
				67EAECD22D5E24AE00C4F1DF /* SF-Pro-Display-Bold.otf in Resources */,
				67EAECD12D5E24AE00C4F1DF /* SF-Pro-Display-Regular.otf in Resources */,
				67FEE9CF2D5F1639004DEAA5 /* Onbording2ViewController.xib in Resources */,
				67EAECB72D5E23E500C4F1DF /* Main.storyboard in Resources */,
				67EAECDF2D5E62B200C4F1DF /* Onboriding1ViewController.xib in Resources */,
				67EAECD62D5E24AE00C4F1DF /* SF-Pro-Display-Ultralight.otf in Resources */,
				67B719DA2D620F8C00D79804 /* SignInWithEmailAndPhone.xib in Resources */,
				67B719D42D61FEA700D79804 /* SignInViewController.xib in Resources */,
				6783B0B92D60BBD800E5AEC1 /* OTPVerificationViewController.xib in Resources */,
				67FEE9D92D5F2852004DEAA5 /* InterestCollectionViewCell.xib in Resources */,
				67FEE9E72D5F5A90004DEAA5 /* SignUpViewController.xib in Resources */,
				67EAECD42D5E24AE00C4F1DF /* SF-Pro-Display-Heavy.otf in Resources */,
				67EAECD72D5E24AE00C4F1DF /* SF-Pro-Display-Black.otf in Resources */,
				67FEE9CA2D5F0BD7004DEAA5 /* Onbording3ViewController.xib in Resources */,
				67CBEACC2D60F6D500FBCED7 /* CreateUserNameViewController.xib in Resources */,
			);
			runOnlyForDeploymentPostprocessing = 0;
		};
/* End PBXResourcesBuildPhase section */

/* Begin PBXShellScriptBuildPhase section */
		7664FBC3EF968F03CAFBFB0A /* [CP] Check Pods Manifest.lock */ = {
			isa = PBXShellScriptBuildPhase;
			buildActionMask = 2147483647;
			files = (
			);
			inputFileListPaths = (
			);
			inputPaths = (
				"${PODS_PODFILE_DIR_PATH}/Podfile.lock",
				"${PODS_ROOT}/Manifest.lock",
			);
			name = "[CP] Check Pods Manifest.lock";
			outputFileListPaths = (
			);
			outputPaths = (
				"$(DERIVED_FILE_DIR)/Pods-LoopLyfe-checkManifestLockResult.txt",
			);
			runOnlyForDeploymentPostprocessing = 0;
			shellPath = /bin/sh;
			shellScript = "diff \"${PODS_PODFILE_DIR_PATH}/Podfile.lock\" \"${PODS_ROOT}/Manifest.lock\" > /dev/null\nif [ $? != 0 ] ; then\n    # print error to STDERR\n    echo \"error: The sandbox is not in sync with the Podfile.lock. Run 'pod install' or update your CocoaPods installation.\" >&2\n    exit 1\nfi\n# This output is used by Xcode 'outputs' to avoid re-running this script phase.\necho \"SUCCESS\" > \"${SCRIPT_OUTPUT_FILE_0}\"\n";
			showEnvVarsInLog = 0;
		};
		DA8FC82FC00C5F8D1570C0CF /* [CP] Embed Pods Frameworks */ = {
			isa = PBXShellScriptBuildPhase;
			buildActionMask = 2147483647;
			files = (
			);
			inputFileListPaths = (
				"${PODS_ROOT}/Target Support Files/Pods-LoopLyfe/Pods-LoopLyfe-frameworks-${CONFIGURATION}-input-files.xcfilelist",
			);
			name = "[CP] Embed Pods Frameworks";
			outputFileListPaths = (
				"${PODS_ROOT}/Target Support Files/Pods-LoopLyfe/Pods-LoopLyfe-frameworks-${CONFIGURATION}-output-files.xcfilelist",
			);
			runOnlyForDeploymentPostprocessing = 0;
			shellPath = /bin/sh;
			shellScript = "\"${PODS_ROOT}/Target Support Files/Pods-LoopLyfe/Pods-LoopLyfe-frameworks.sh\"\n";
			showEnvVarsInLog = 0;
		};
/* End PBXShellScriptBuildPhase section */

/* Begin PBXSourcesBuildPhase section */
		67EAECA82D5E23E500C4F1DF /* Sources */ = {
			isa = PBXSourcesBuildPhase;
			buildActionMask = 2147483647;
			files = (
				6783B0B32D60B0E300E5AEC1 /* DateOfBirthViewController.swift in Sources */,
				67B719D92D620F8C00D79804 /* SignInWithEmailAndPhone.swift in Sources */,
				67EAECDE2D5E62B200C4F1DF /* Onboriding1ViewController.swift in Sources */,
				67CBEACB2D60F6D500FBCED7 /* CreateUserNameViewController.swift in Sources */,
				67FEE9D82D5F2852004DEAA5 /* InterestCollectionViewCell.swift in Sources */,
				6783B0B82D60BBD800E5AEC1 /* OTPVerificationViewController.swift in Sources */,
				67CBEAC62D60F0FF00FBCED7 /* CreatePasswordViewController.swift in Sources */,
				67FEE9D32D5F26E4004DEAA5 /* InterestTblViewCell.swift in Sources */,
				67FEE9CE2D5F1639004DEAA5 /* Onbording2ViewController.swift in Sources */,
				67B719D32D61FEA700D79804 /* SignInViewController.swift in Sources */,
				67FEE9E62D5F5A90004DEAA5 /* SignUpViewController.swift in Sources */,
				67FEE9E02D5F31D7004DEAA5 /* Onbording4ViewController.swift in Sources */,
				67FEE9C92D5F0BD7004DEAA5 /* Onbording3ViewController.swift in Sources */,
				67B719DE2D62120900D79804 /* SignInCollectionViewCell.swift in Sources */,
				67EAECB02D5E23E500C4F1DF /* AppDelegate.swift in Sources */,
				67EAECB22D5E23E500C4F1DF /* SceneDelegate.swift in Sources */,
				67FEE9DC2D5F2EA5004DEAA5 /* Extension.swift in Sources */,
			);
			runOnlyForDeploymentPostprocessing = 0;
		};
/* End PBXSourcesBuildPhase section */

/* Begin PBXVariantGroup section */
		67EAECB52D5E23E500C4F1DF /* Main.storyboard */ = {
			isa = PBXVariantGroup;
			children = (
				67EAECB62D5E23E500C4F1DF /* Base */,
			);
			name = Main.storyboard;
			sourceTree = "<group>";
		};
		67EAECBA2D5E23E600C4F1DF /* LaunchScreen.storyboard */ = {
			isa = PBXVariantGroup;
			children = (
				67EAECBB2D5E23E600C4F1DF /* Base */,
			);
			name = LaunchScreen.storyboard;
			sourceTree = "<group>";
		};
/* End PBXVariantGroup section */

/* Begin XCBuildConfiguration section */
		67EAECBE2D5E23E600C4F1DF /* Debug */ = {
			isa = XCBuildConfiguration;
			buildSettings = {
				ALWAYS_SEARCH_USER_PATHS = NO;
				ASSETCATALOG_COMPILER_GENERATE_SWIFT_ASSET_SYMBOL_EXTENSIONS = YES;
				CLANG_ANALYZER_NONNULL = YES;
				CLANG_ANALYZER_NUMBER_OBJECT_CONVERSION = YES_AGGRESSIVE;
				CLANG_CXX_LANGUAGE_STANDARD = "gnu++20";
				CLANG_ENABLE_MODULES = YES;
				CLANG_ENABLE_OBJC_ARC = YES;
				CLANG_ENABLE_OBJC_WEAK = YES;
				CLANG_WARN_BLOCK_CAPTURE_AUTORELEASING = YES;
				CLANG_WARN_BOOL_CONVERSION = YES;
				CLANG_WARN_COMMA = YES;
				CLANG_WARN_CONSTANT_CONVERSION = YES;
				CLANG_WARN_DEPRECATED_OBJC_IMPLEMENTATIONS = YES;
				CLANG_WARN_DIRECT_OBJC_ISA_USAGE = YES_ERROR;
				CLANG_WARN_DOCUMENTATION_COMMENTS = YES;
				CLANG_WARN_EMPTY_BODY = YES;
				CLANG_WARN_ENUM_CONVERSION = YES;
				CLANG_WARN_INFINITE_RECURSION = YES;
				CLANG_WARN_INT_CONVERSION = YES;
				CLANG_WARN_NON_LITERAL_NULL_CONVERSION = YES;
				CLANG_WARN_OBJC_IMPLICIT_RETAIN_SELF = YES;
				CLANG_WARN_OBJC_LITERAL_CONVERSION = YES;
				CLANG_WARN_OBJC_ROOT_CLASS = YES_ERROR;
				CLANG_WARN_QUOTED_INCLUDE_IN_FRAMEWORK_HEADER = YES;
				CLANG_WARN_RANGE_LOOP_ANALYSIS = YES;
				CLANG_WARN_STRICT_PROTOTYPES = YES;
				CLANG_WARN_SUSPICIOUS_MOVE = YES;
				CLANG_WARN_UNGUARDED_AVAILABILITY = YES_AGGRESSIVE;
				CLANG_WARN_UNREACHABLE_CODE = YES;
				CLANG_WARN__DUPLICATE_METHOD_MATCH = YES;
				COPY_PHASE_STRIP = NO;
				DEBUG_INFORMATION_FORMAT = dwarf;
				ENABLE_STRICT_OBJC_MSGSEND = YES;
				ENABLE_TESTABILITY = YES;
				ENABLE_USER_SCRIPT_SANDBOXING = YES;
				GCC_C_LANGUAGE_STANDARD = gnu17;
				GCC_DYNAMIC_NO_PIC = NO;
				GCC_NO_COMMON_BLOCKS = YES;
				GCC_OPTIMIZATION_LEVEL = 0;
				GCC_PREPROCESSOR_DEFINITIONS = (
					"DEBUG=1",
					"$(inherited)",
				);
				GCC_WARN_64_TO_32_BIT_CONVERSION = YES;
				GCC_WARN_ABOUT_RETURN_TYPE = YES_ERROR;
				GCC_WARN_UNDECLARED_SELECTOR = YES;
				GCC_WARN_UNINITIALIZED_AUTOS = YES_AGGRESSIVE;
				GCC_WARN_UNUSED_FUNCTION = YES;
				GCC_WARN_UNUSED_VARIABLE = YES;
				IPHONEOS_DEPLOYMENT_TARGET = 17.2;
				LOCALIZATION_PREFERS_STRING_CATALOGS = YES;
				MTL_ENABLE_DEBUG_INFO = INCLUDE_SOURCE;
				MTL_FAST_MATH = YES;
				ONLY_ACTIVE_ARCH = YES;
				SDKROOT = iphoneos;
				SWIFT_ACTIVE_COMPILATION_CONDITIONS = "DEBUG $(inherited)";
				SWIFT_OPTIMIZATION_LEVEL = "-Onone";
			};
			name = Debug;
		};
		67EAECBF2D5E23E600C4F1DF /* Release */ = {
			isa = XCBuildConfiguration;
			buildSettings = {
				ALWAYS_SEARCH_USER_PATHS = NO;
				ASSETCATALOG_COMPILER_GENERATE_SWIFT_ASSET_SYMBOL_EXTENSIONS = YES;
				CLANG_ANALYZER_NONNULL = YES;
				CLANG_ANALYZER_NUMBER_OBJECT_CONVERSION = YES_AGGRESSIVE;
				CLANG_CXX_LANGUAGE_STANDARD = "gnu++20";
				CLANG_ENABLE_MODULES = YES;
				CLANG_ENABLE_OBJC_ARC = YES;
				CLANG_ENABLE_OBJC_WEAK = YES;
				CLANG_WARN_BLOCK_CAPTURE_AUTORELEASING = YES;
				CLANG_WARN_BOOL_CONVERSION = YES;
				CLANG_WARN_COMMA = YES;
				CLANG_WARN_CONSTANT_CONVERSION = YES;
				CLANG_WARN_DEPRECATED_OBJC_IMPLEMENTATIONS = YES;
				CLANG_WARN_DIRECT_OBJC_ISA_USAGE = YES_ERROR;
				CLANG_WARN_DOCUMENTATION_COMMENTS = YES;
				CLANG_WARN_EMPTY_BODY = YES;
				CLANG_WARN_ENUM_CONVERSION = YES;
				CLANG_WARN_INFINITE_RECURSION = YES;
				CLANG_WARN_INT_CONVERSION = YES;
				CLANG_WARN_NON_LITERAL_NULL_CONVERSION = YES;
				CLANG_WARN_OBJC_IMPLICIT_RETAIN_SELF = YES;
				CLANG_WARN_OBJC_LITERAL_CONVERSION = YES;
				CLANG_WARN_OBJC_ROOT_CLASS = YES_ERROR;
				CLANG_WARN_QUOTED_INCLUDE_IN_FRAMEWORK_HEADER = YES;
				CLANG_WARN_RANGE_LOOP_ANALYSIS = YES;
				CLANG_WARN_STRICT_PROTOTYPES = YES;
				CLANG_WARN_SUSPICIOUS_MOVE = YES;
				CLANG_WARN_UNGUARDED_AVAILABILITY = YES_AGGRESSIVE;
				CLANG_WARN_UNREACHABLE_CODE = YES;
				CLANG_WARN__DUPLICATE_METHOD_MATCH = YES;
				COPY_PHASE_STRIP = NO;
				DEBUG_INFORMATION_FORMAT = "dwarf-with-dsym";
				ENABLE_NS_ASSERTIONS = NO;
				ENABLE_STRICT_OBJC_MSGSEND = YES;
				ENABLE_USER_SCRIPT_SANDBOXING = YES;
				GCC_C_LANGUAGE_STANDARD = gnu17;
				GCC_NO_COMMON_BLOCKS = YES;
				GCC_WARN_64_TO_32_BIT_CONVERSION = YES;
				GCC_WARN_ABOUT_RETURN_TYPE = YES_ERROR;
				GCC_WARN_UNDECLARED_SELECTOR = YES;
				GCC_WARN_UNINITIALIZED_AUTOS = YES_AGGRESSIVE;
				GCC_WARN_UNUSED_FUNCTION = YES;
				GCC_WARN_UNUSED_VARIABLE = YES;
				IPHONEOS_DEPLOYMENT_TARGET = 17.2;
				LOCALIZATION_PREFERS_STRING_CATALOGS = YES;
				MTL_ENABLE_DEBUG_INFO = NO;
				MTL_FAST_MATH = YES;
				SDKROOT = iphoneos;
				SWIFT_COMPILATION_MODE = wholemodule;
				VALIDATE_PRODUCT = YES;
			};
			name = Release;
		};
		67EAECC12D5E23E600C4F1DF /* Debug */ = {
			isa = XCBuildConfiguration;
			baseConfigurationReference = A9CE4C00F8DF4DF9D4298D33 /* Pods-LoopLyfe.debug.xcconfig */;
			buildSettings = {
				ASSETCATALOG_COMPILER_APPICON_NAME = AppIcon;
				ASSETCATALOG_COMPILER_GLOBAL_ACCENT_COLOR_NAME = AccentColor;
				CODE_SIGN_ENTITLEMENTS = LoopLyfe/LoopLyfe.entitlements;
				CODE_SIGN_STYLE = Automatic;
				CURRENT_PROJECT_VERSION = 1;
				DEVELOPMENT_TEAM = G99QAZBHL2;
				ENABLE_USER_SCRIPT_SANDBOXING = NO;
				GENERATE_INFOPLIST_FILE = YES;
				INFOPLIST_FILE = LoopLyfe/Info.plist;
				INFOPLIST_KEY_UIApplicationSupportsIndirectInputEvents = YES;
				INFOPLIST_KEY_UILaunchStoryboardName = LaunchScreen;
				INFOPLIST_KEY_UIMainStoryboardFile = Main;
				INFOPLIST_KEY_UISupportedInterfaceOrientations_iPad = "UIInterfaceOrientationPortrait UIInterfaceOrientationPortraitUpsideDown UIInterfaceOrientationLandscapeLeft UIInterfaceOrientationLandscapeRight";
				INFOPLIST_KEY_UISupportedInterfaceOrientations_iPhone = "UIInterfaceOrientationPortrait UIInterfaceOrientationLandscapeLeft UIInterfaceOrientationLandscapeRight";
				IPHONEOS_DEPLOYMENT_TARGET = 16.0;
				LD_RUNPATH_SEARCH_PATHS = (
					"$(inherited)",
					"@executable_path/Frameworks",
				);
				MARKETING_VERSION = 1.0;
				PRODUCT_BUNDLE_IDENTIFIER = com.naveed.looplyfe;
				PRODUCT_NAME = "$(TARGET_NAME)";
				SWIFT_EMIT_LOC_STRINGS = YES;
				SWIFT_VERSION = 5.0;
				TARGETED_DEVICE_FAMILY = "1,2";
			};
			name = Debug;
		};
		67EAECC22D5E23E600C4F1DF /* Release */ = {
			isa = XCBuildConfiguration;
			baseConfigurationReference = 65C81F822CEFF7CDCC0B6557 /* Pods-LoopLyfe.release.xcconfig */;
			buildSettings = {
				ASSETCATALOG_COMPILER_APPICON_NAME = AppIcon;
				ASSETCATALOG_COMPILER_GLOBAL_ACCENT_COLOR_NAME = AccentColor;
				CODE_SIGN_ENTITLEMENTS = LoopLyfe/LoopLyfe.entitlements;
				CODE_SIGN_STYLE = Automatic;
				CURRENT_PROJECT_VERSION = 1;
				DEVELOPMENT_TEAM = G99QAZBHL2;
				ENABLE_USER_SCRIPT_SANDBOXING = NO;
				GENERATE_INFOPLIST_FILE = YES;
				INFOPLIST_FILE = LoopLyfe/Info.plist;
				INFOPLIST_KEY_UIApplicationSupportsIndirectInputEvents = YES;
				INFOPLIST_KEY_UILaunchStoryboardName = LaunchScreen;
				INFOPLIST_KEY_UIMainStoryboardFile = Main;
				INFOPLIST_KEY_UISupportedInterfaceOrientations_iPad = "UIInterfaceOrientationPortrait UIInterfaceOrientationPortraitUpsideDown UIInterfaceOrientationLandscapeLeft UIInterfaceOrientationLandscapeRight";
				INFOPLIST_KEY_UISupportedInterfaceOrientations_iPhone = "UIInterfaceOrientationPortrait UIInterfaceOrientationLandscapeLeft UIInterfaceOrientationLandscapeRight";
				IPHONEOS_DEPLOYMENT_TARGET = 16.0;
				LD_RUNPATH_SEARCH_PATHS = (
					"$(inherited)",
					"@executable_path/Frameworks",
				);
				MARKETING_VERSION = 1.0;
				PRODUCT_BUNDLE_IDENTIFIER = com.naveed.looplyfe;
				PRODUCT_NAME = "$(TARGET_NAME)";
				SWIFT_EMIT_LOC_STRINGS = YES;
				SWIFT_VERSION = 5.0;
				TARGETED_DEVICE_FAMILY = "1,2";
			};
			name = Release;
		};
/* End XCBuildConfiguration section */

/* Begin XCConfigurationList section */
		67EAECA72D5E23E500C4F1DF /* Build configuration list for PBXProject "LoopLyfe" */ = {
			isa = XCConfigurationList;
			buildConfigurations = (
				67EAECBE2D5E23E600C4F1DF /* Debug */,
				67EAECBF2D5E23E600C4F1DF /* Release */,
			);
			defaultConfigurationIsVisible = 0;
			defaultConfigurationName = Release;
		};
		67EAECC02D5E23E600C4F1DF /* Build configuration list for PBXNativeTarget "LoopLyfe" */ = {
			isa = XCConfigurationList;
			buildConfigurations = (
				67EAECC12D5E23E600C4F1DF /* Debug */,
				67EAECC22D5E23E600C4F1DF /* Release */,
			);
			defaultConfigurationIsVisible = 0;
			defaultConfigurationName = Release;
		};
/* End XCConfigurationList section */
	};
	rootObject = 67EAECA42D5E23E500C4F1DF /* Project object */;
}
